
Microsoft Visual Studio Solution File, Format Version 12.00
# Visual Studio Version 16
VisualStudioVersion = 16.0.32106.194
MinimumVisualStudioVersion = 10.0.40219.1
Project("{FAE04EC0-301F-11D3-BF4B-00C04F79EFBC}") = "CustomerApplication", "MiniProjeDeneme\CustomerApplication.csproj", "{D2354973-36DB-43FC-80A4-3014F14CC770}"
EndProject
Global
	GlobalSection(SolutionConfigurationPlatforms) = preSolution
		Debug|Any CPU = Debug|Any CPU
		Release|Any CPU = Release|Any CPU
	EndGlobalSection
	GlobalSection(ProjectConfigurationPlatforms) = postSolution
		{D2354973-36DB-43FC-80A4-3014F14CC770}.Debug|Any CPU.ActiveCfg = Debug|Any CPU
		{D2354973-36DB-43FC-80A4-3014F14CC770}.Debug|Any CPU.Build.0 = Debug|Any CPU
		{D2354973-36DB-43FC-80A4-3014F14CC770}.Release|Any CPU.ActiveCfg = Release|Any CPU
		{D2354973-36DB-43FC-80A4-3014F14CC770}.Release|Any CPU.Build.0 = Release|Any CPU
	EndGlobalSection
	GlobalSection(SolutionProperties) = preSolution
		HideSolutionNode = FALSE
	EndGlobalSection
	GlobalSection(ExtensibilityGlobals) = postSolution
		SolutionGuid = {E8C275DB-1F40-4F3C-97C6-89A24B486CB2}
	EndGlobalSection
EndGlobal
